
Microsoft Visual Studio Solution File, Format Version 12.00
# Visual Studio 15
VisualStudioVersion = 15.0.26228.9
MinimumVisualStudioVersion = 10.0.40219.1
Project("{FAE04EC0-301F-11D3-BF4B-00C04F79EFBC}") = "GoogleCodeJam", "GoogleCodeJam\GoogleCodeJam.csproj", "{6DC69B81-85F2-4B0E-816C-6865BF7D1BA1}"
EndProject
Project("{2150E333-8FDC-42A3-9474-1A3956D46DE8}") = "_Tests", "_Tests", "{2C9DE0EB-2AB5-4C67-9BBA-D55C1A0C205E}"
EndProject
Project("{FAE04EC0-301F-11D3-BF4B-00C04F79EFBC}") = "GoogleCodeJam.Tests", "GoogleCodeJam.Tests\GoogleCodeJam.Tests.csproj", "{392F531B-1182-4007-BFE4-2C7553A1D49A}"
EndProject
Project("{2150E333-8FDC-42A3-9474-1A3956D46DE8}") = "_Cake", "_Cake", "{727A2266-8352-40D1-8BA3-845372F8DEAB}"
EndProject
Global
	GlobalSection(SolutionConfigurationPlatforms) = preSolution
		Debug|Any CPU = Debug|Any CPU
		Release|Any CPU = Release|Any CPU
	EndGlobalSection
	GlobalSection(ProjectConfigurationPlatforms) = postSolution
		{6DC69B81-85F2-4B0E-816C-6865BF7D1BA1}.Debug|Any CPU.ActiveCfg = Debug|Any CPU
		{6DC69B81-85F2-4B0E-816C-6865BF7D1BA1}.Debug|Any CPU.Build.0 = Debug|Any CPU
		{6DC69B81-85F2-4B0E-816C-6865BF7D1BA1}.Release|Any CPU.ActiveCfg = Release|Any CPU
		{6DC69B81-85F2-4B0E-816C-6865BF7D1BA1}.Release|Any CPU.Build.0 = Release|Any CPU
		{392F531B-1182-4007-BFE4-2C7553A1D49A}.Debug|Any CPU.ActiveCfg = Debug|Any CPU
		{392F531B-1182-4007-BFE4-2C7553A1D49A}.Debug|Any CPU.Build.0 = Debug|Any CPU
		{392F531B-1182-4007-BFE4-2C7553A1D49A}.Release|Any CPU.ActiveCfg = Release|Any CPU
		{392F531B-1182-4007-BFE4-2C7553A1D49A}.Release|Any CPU.Build.0 = Release|Any CPU
	EndGlobalSection
	GlobalSection(SolutionProperties) = preSolution
		HideSolutionNode = FALSE
	EndGlobalSection
	GlobalSection(NestedProjects) = preSolution
		{392F531B-1182-4007-BFE4-2C7553A1D49A} = {2C9DE0EB-2AB5-4C67-9BBA-D55C1A0C205E}
	EndGlobalSection
EndGlobal
