
Microsoft Visual Studio Solution File, Format Version 12.00
# Visual Studio 15
VisualStudioVersion = 15.0.26403.7
MinimumVisualStudioVersion = 10.0.40219.1
Project("{FAE04EC0-301F-11D3-BF4B-00C04F79EFBC}") = "GoogleCodeJam", "GoogleCodeJam\GoogleCodeJam.csproj", "{6DC69B81-85F2-4B0E-816C-6865BF7D1BA1}"
EndProject
Project("{FAE04EC0-301F-11D3-BF4B-00C04F79EFBC}") = "GoogleCodeJam.Tests", "GoogleCodeJam.Tests\GoogleCodeJam.Tests.csproj", "{392F531B-1182-4007-BFE4-2C7553A1D49A}"
EndProject
Project("{2150E333-8FDC-42A3-9474-1A3956D46DE8}") = "_Cake", "_Cake", "{727A2266-8352-40D1-8BA3-845372F8DEAB}"
EndProject
Project("{2150E333-8FDC-42A3-9474-1A3956D46DE8}") = "Library", "Library", "{C6E1324D-2B4A-437A-B8CD-70F97459D10E}"
EndProject
Project("{2150E333-8FDC-42A3-9474-1A3956D46DE8}") = "Solutions", "Solutions", "{C37EF359-1E7F-4716-90B3-1B833A33560A}"
EndProject
Project("{2150E333-8FDC-42A3-9474-1A3956D46DE8}") = "2008", "2008", "{E24CA531-B7F3-4D7C-B9C0-B2DBF44D16C1}"
EndProject
Project("{2150E333-8FDC-42A3-9474-1A3956D46DE8}") = "2009", "2009", "{68493C2C-39AA-4FE5-9961-C2410AA187F3}"
EndProject
Project("{2150E333-8FDC-42A3-9474-1A3956D46DE8}") = "2010", "2010", "{8F52B88C-280C-4060-807C-1A2DA8A75C40}"
EndProject
Project("{2150E333-8FDC-42A3-9474-1A3956D46DE8}") = "2011", "2011", "{96FCFF14-34E8-4989-AD7E-E31F94F428AD}"
EndProject
Project("{2150E333-8FDC-42A3-9474-1A3956D46DE8}") = "2012", "2012", "{0ACCEFB8-939D-4DB4-A869-B21C7D3B4D37}"
EndProject
Project("{2150E333-8FDC-42A3-9474-1A3956D46DE8}") = "2013", "2013", "{B7A5F622-6491-40BD-8C0B-84F8EA448AC4}"
EndProject
Project("{2150E333-8FDC-42A3-9474-1A3956D46DE8}") = "2014", "2014", "{7039ACE0-67A5-441E-9638-42E1B91C9291}"
EndProject
Project("{2150E333-8FDC-42A3-9474-1A3956D46DE8}") = "2015", "2015", "{80B7DD93-F3A4-4E8D-BA7D-AF8340BFDC74}"
EndProject
Project("{2150E333-8FDC-42A3-9474-1A3956D46DE8}") = "2016", "2016", "{C0D8775F-F896-4786-B597-2FFC3E64157B}"
EndProject
Project("{2150E333-8FDC-42A3-9474-1A3956D46DE8}") = "2017", "2017", "{4622021C-8282-448D-B54D-A566465F2557}"
EndProject
Project("{2150E333-8FDC-42A3-9474-1A3956D46DE8}") = "Qualification Round", "Qualification Round", "{337EF24F-57B9-4D62-9FFC-DCC35D785A46}"
EndProject
Project("{FAE04EC0-301F-11D3-BF4B-00C04F79EFBC}") = "GoogleCodeJam2008.QualificationRound", "GoogleCodeJam2008.QualificationRound\GoogleCodeJam2008.QualificationRound.csproj", "{F202A722-D4DF-45A8-B3EC-70196E98FB54}"
EndProject
Project("{FAE04EC0-301F-11D3-BF4B-00C04F79EFBC}") = "GoogleCodeJam2008.QualificationRound.Tests", "GoogleCodeJam2008.QualificationRound.Tests\GoogleCodeJam2008.QualificationRound.Tests.csproj", "{8E9835F3-0CDF-4BB5-B1F9-B29C949DD433}"
EndProject
Project("{2150E333-8FDC-42A3-9474-1A3956D46DE8}") = "Qualification Round", "Qualification Round", "{D94644D3-BC4D-4D86-88A9-631577447CFB}"
EndProject
Project("{2150E333-8FDC-42A3-9474-1A3956D46DE8}") = "Qualification Round", "Qualification Round", "{A398B79E-A89F-44FD-8F57-6D2D3093ECF9}"
EndProject
Project("{2150E333-8FDC-42A3-9474-1A3956D46DE8}") = "Qualification Round", "Qualification Round", "{6667E1B7-A0A5-45D8-A4A8-5D4FBA259274}"
EndProject
Project("{2150E333-8FDC-42A3-9474-1A3956D46DE8}") = "Qualification Round", "Qualification Round", "{BA559F21-30F6-4108-BE23-952560228E1C}"
EndProject
Project("{2150E333-8FDC-42A3-9474-1A3956D46DE8}") = "Qualification Round", "Qualification Round", "{0448CE2C-949E-46A7-846D-E29A609A2733}"
EndProject
Project("{2150E333-8FDC-42A3-9474-1A3956D46DE8}") = "Qualification Round", "Qualification Round", "{7ADD0020-3210-4031-9554-230325013AC1}"
EndProject
Project("{2150E333-8FDC-42A3-9474-1A3956D46DE8}") = "Qualification Round", "Qualification Round", "{BAA41CBD-1BDA-4FA3-88EA-6973D6DF8AF3}"
EndProject
Project("{2150E333-8FDC-42A3-9474-1A3956D46DE8}") = "Qualification Round", "Qualification Round", "{AB50969C-FB97-4A1B-A674-D6166019A516}"
EndProject
Project("{2150E333-8FDC-42A3-9474-1A3956D46DE8}") = "Qualification Round", "Qualification Round", "{95B611DE-C25F-42C9-9F02-E6AF3382BB0E}"
EndProject
Project("{2150E333-8FDC-42A3-9474-1A3956D46DE8}") = "Past", "Past", "{B654F205-D961-4635-98FE-24AA5929FAD8}"
EndProject
Project("{FAE04EC0-301F-11D3-BF4B-00C04F79EFBC}") = "GoogleCodeJam2017.QualificationRound.ProblemA", "GoogleCodeJam2017.QualificationRound.ProblemA\GoogleCodeJam2017.QualificationRound.ProblemA.csproj", "{0BA61B6B-22E6-4E13-8BD9-773ADF6F8A38}"
EndProject
Project("{FAE04EC0-301F-11D3-BF4B-00C04F79EFBC}") = "GoogleCodeJam2017.QualificationRound.ProblemB", "GoogleCodeJam2017.QualificationRound.ProblemB\GoogleCodeJam2017.QualificationRound.ProblemB.csproj", "{05A4E562-78F3-4A27-A139-409CB8ADEBA8}"
EndProject
Project("{FAE04EC0-301F-11D3-BF4B-00C04F79EFBC}") = "GoogleCodeJam2017.QualificationRound.ProblemC", "GoogleCodeJam2017.QualificationRound.ProblemC\GoogleCodeJam2017.QualificationRound.ProblemC.csproj", "{E24DDF09-94AA-4F02-817F-AC004D521B68}"
EndProject
Project("{FAE04EC0-301F-11D3-BF4B-00C04F79EFBC}") = "GoogleCodeJam2017.QualificationRound.ProblemD", "GoogleCodeJam2017.QualificationRound.ProblemD\GoogleCodeJam2017.QualificationRound.ProblemD.csproj", "{E26ABF40-F61F-4ABF-B3FD-599E0C7A7192}"
EndProject
Project("{2150E333-8FDC-42A3-9474-1A3956D46DE8}") = "Round 1B", "Round 1B", "{B132EE00-E972-4088-9B89-E00A03D67E02}"
EndProject
Project("{FAE04EC0-301F-11D3-BF4B-00C04F79EFBC}") = "gcj2017.Round1B.ProblemA", "solutions\2017\Round_1B\gcj2017.Round1B.ProblemA\gcj2017.Round1B.ProblemA.csproj", "{2B71A498-FB9E-4A2E-A67C-86F90A5DDF2C}"
EndProject
Project("{FAE04EC0-301F-11D3-BF4B-00C04F79EFBC}") = "gcj2017.Round1B.ProblemB", "solutions\2017\Round_1B\gcj2017.Round1B.ProblemB\gcj2017.Round1B.ProblemB.csproj", "{49497D5C-618F-4728-A981-33A091ABE5F4}"
EndProject
Project("{FAE04EC0-301F-11D3-BF4B-00C04F79EFBC}") = "gcj2017.Round1B.ProblemC", "solutions\2017\Round_1B\gcj2017.Round1B.ProblemC\gcj2017.Round1B.ProblemC.csproj", "{C5FC45B3-011D-44E8-B125-7CA56011B076}"
EndProject
Project("{FAE04EC0-301F-11D3-BF4B-00C04F79EFBC}") = "gcj2017.Round1B.ProblemD", "solutions\2017\Round_1B\gcj2017.Round1B.ProblemD\gcj2017.Round1B.ProblemD.csproj", "{B519A57F-4D33-43C9-A5B7-16EB7B88B159}"
EndProject
Global
	GlobalSection(SolutionConfigurationPlatforms) = preSolution
		Debug|Any CPU = Debug|Any CPU
		Release|Any CPU = Release|Any CPU
	EndGlobalSection
	GlobalSection(ProjectConfigurationPlatforms) = postSolution
		{6DC69B81-85F2-4B0E-816C-6865BF7D1BA1}.Debug|Any CPU.ActiveCfg = Debug|Any CPU
		{6DC69B81-85F2-4B0E-816C-6865BF7D1BA1}.Debug|Any CPU.Build.0 = Debug|Any CPU
		{6DC69B81-85F2-4B0E-816C-6865BF7D1BA1}.Release|Any CPU.ActiveCfg = Release|Any CPU
		{6DC69B81-85F2-4B0E-816C-6865BF7D1BA1}.Release|Any CPU.Build.0 = Release|Any CPU
		{392F531B-1182-4007-BFE4-2C7553A1D49A}.Debug|Any CPU.ActiveCfg = Debug|Any CPU
		{392F531B-1182-4007-BFE4-2C7553A1D49A}.Debug|Any CPU.Build.0 = Debug|Any CPU
		{392F531B-1182-4007-BFE4-2C7553A1D49A}.Release|Any CPU.ActiveCfg = Release|Any CPU
		{392F531B-1182-4007-BFE4-2C7553A1D49A}.Release|Any CPU.Build.0 = Release|Any CPU
		{F202A722-D4DF-45A8-B3EC-70196E98FB54}.Debug|Any CPU.ActiveCfg = Debug|Any CPU
		{F202A722-D4DF-45A8-B3EC-70196E98FB54}.Debug|Any CPU.Build.0 = Debug|Any CPU
		{F202A722-D4DF-45A8-B3EC-70196E98FB54}.Release|Any CPU.ActiveCfg = Release|Any CPU
		{F202A722-D4DF-45A8-B3EC-70196E98FB54}.Release|Any CPU.Build.0 = Release|Any CPU
		{8E9835F3-0CDF-4BB5-B1F9-B29C949DD433}.Debug|Any CPU.ActiveCfg = Debug|Any CPU
		{8E9835F3-0CDF-4BB5-B1F9-B29C949DD433}.Debug|Any CPU.Build.0 = Debug|Any CPU
		{8E9835F3-0CDF-4BB5-B1F9-B29C949DD433}.Release|Any CPU.ActiveCfg = Release|Any CPU
		{8E9835F3-0CDF-4BB5-B1F9-B29C949DD433}.Release|Any CPU.Build.0 = Release|Any CPU
		{0BA61B6B-22E6-4E13-8BD9-773ADF6F8A38}.Debug|Any CPU.ActiveCfg = Debug|Any CPU
		{0BA61B6B-22E6-4E13-8BD9-773ADF6F8A38}.Debug|Any CPU.Build.0 = Debug|Any CPU
		{0BA61B6B-22E6-4E13-8BD9-773ADF6F8A38}.Release|Any CPU.ActiveCfg = Release|Any CPU
		{0BA61B6B-22E6-4E13-8BD9-773ADF6F8A38}.Release|Any CPU.Build.0 = Release|Any CPU
		{05A4E562-78F3-4A27-A139-409CB8ADEBA8}.Debug|Any CPU.ActiveCfg = Debug|Any CPU
		{05A4E562-78F3-4A27-A139-409CB8ADEBA8}.Debug|Any CPU.Build.0 = Debug|Any CPU
		{05A4E562-78F3-4A27-A139-409CB8ADEBA8}.Release|Any CPU.ActiveCfg = Release|Any CPU
		{05A4E562-78F3-4A27-A139-409CB8ADEBA8}.Release|Any CPU.Build.0 = Release|Any CPU
		{E24DDF09-94AA-4F02-817F-AC004D521B68}.Debug|Any CPU.ActiveCfg = Debug|Any CPU
		{E24DDF09-94AA-4F02-817F-AC004D521B68}.Debug|Any CPU.Build.0 = Debug|Any CPU
		{E24DDF09-94AA-4F02-817F-AC004D521B68}.Release|Any CPU.ActiveCfg = Release|Any CPU
		{E24DDF09-94AA-4F02-817F-AC004D521B68}.Release|Any CPU.Build.0 = Release|Any CPU
		{E26ABF40-F61F-4ABF-B3FD-599E0C7A7192}.Debug|Any CPU.ActiveCfg = Debug|Any CPU
		{E26ABF40-F61F-4ABF-B3FD-599E0C7A7192}.Debug|Any CPU.Build.0 = Debug|Any CPU
		{E26ABF40-F61F-4ABF-B3FD-599E0C7A7192}.Release|Any CPU.ActiveCfg = Release|Any CPU
		{E26ABF40-F61F-4ABF-B3FD-599E0C7A7192}.Release|Any CPU.Build.0 = Release|Any CPU
		{2B71A498-FB9E-4A2E-A67C-86F90A5DDF2C}.Debug|Any CPU.ActiveCfg = Debug|Any CPU
		{2B71A498-FB9E-4A2E-A67C-86F90A5DDF2C}.Debug|Any CPU.Build.0 = Debug|Any CPU
		{2B71A498-FB9E-4A2E-A67C-86F90A5DDF2C}.Release|Any CPU.ActiveCfg = Release|Any CPU
		{2B71A498-FB9E-4A2E-A67C-86F90A5DDF2C}.Release|Any CPU.Build.0 = Release|Any CPU
		{49497D5C-618F-4728-A981-33A091ABE5F4}.Debug|Any CPU.ActiveCfg = Debug|Any CPU
		{49497D5C-618F-4728-A981-33A091ABE5F4}.Debug|Any CPU.Build.0 = Debug|Any CPU
		{49497D5C-618F-4728-A981-33A091ABE5F4}.Release|Any CPU.ActiveCfg = Release|Any CPU
		{49497D5C-618F-4728-A981-33A091ABE5F4}.Release|Any CPU.Build.0 = Release|Any CPU
		{C5FC45B3-011D-44E8-B125-7CA56011B076}.Debug|Any CPU.ActiveCfg = Debug|Any CPU
		{C5FC45B3-011D-44E8-B125-7CA56011B076}.Debug|Any CPU.Build.0 = Debug|Any CPU
		{C5FC45B3-011D-44E8-B125-7CA56011B076}.Release|Any CPU.ActiveCfg = Release|Any CPU
		{C5FC45B3-011D-44E8-B125-7CA56011B076}.Release|Any CPU.Build.0 = Release|Any CPU
		{B519A57F-4D33-43C9-A5B7-16EB7B88B159}.Debug|Any CPU.ActiveCfg = Debug|Any CPU
		{B519A57F-4D33-43C9-A5B7-16EB7B88B159}.Debug|Any CPU.Build.0 = Debug|Any CPU
		{B519A57F-4D33-43C9-A5B7-16EB7B88B159}.Release|Any CPU.ActiveCfg = Release|Any CPU
		{B519A57F-4D33-43C9-A5B7-16EB7B88B159}.Release|Any CPU.Build.0 = Release|Any CPU
	EndGlobalSection
	GlobalSection(SolutionProperties) = preSolution
		HideSolutionNode = FALSE
	EndGlobalSection
	GlobalSection(NestedProjects) = preSolution
		{6DC69B81-85F2-4B0E-816C-6865BF7D1BA1} = {C6E1324D-2B4A-437A-B8CD-70F97459D10E}
		{392F531B-1182-4007-BFE4-2C7553A1D49A} = {C6E1324D-2B4A-437A-B8CD-70F97459D10E}
		{E24CA531-B7F3-4D7C-B9C0-B2DBF44D16C1} = {B654F205-D961-4635-98FE-24AA5929FAD8}
		{68493C2C-39AA-4FE5-9961-C2410AA187F3} = {B654F205-D961-4635-98FE-24AA5929FAD8}
		{8F52B88C-280C-4060-807C-1A2DA8A75C40} = {B654F205-D961-4635-98FE-24AA5929FAD8}
		{96FCFF14-34E8-4989-AD7E-E31F94F428AD} = {B654F205-D961-4635-98FE-24AA5929FAD8}
		{0ACCEFB8-939D-4DB4-A869-B21C7D3B4D37} = {B654F205-D961-4635-98FE-24AA5929FAD8}
		{B7A5F622-6491-40BD-8C0B-84F8EA448AC4} = {B654F205-D961-4635-98FE-24AA5929FAD8}
		{7039ACE0-67A5-441E-9638-42E1B91C9291} = {B654F205-D961-4635-98FE-24AA5929FAD8}
		{80B7DD93-F3A4-4E8D-BA7D-AF8340BFDC74} = {B654F205-D961-4635-98FE-24AA5929FAD8}
		{C0D8775F-F896-4786-B597-2FFC3E64157B} = {B654F205-D961-4635-98FE-24AA5929FAD8}
		{4622021C-8282-448D-B54D-A566465F2557} = {C37EF359-1E7F-4716-90B3-1B833A33560A}
		{337EF24F-57B9-4D62-9FFC-DCC35D785A46} = {E24CA531-B7F3-4D7C-B9C0-B2DBF44D16C1}
		{F202A722-D4DF-45A8-B3EC-70196E98FB54} = {337EF24F-57B9-4D62-9FFC-DCC35D785A46}
		{8E9835F3-0CDF-4BB5-B1F9-B29C949DD433} = {337EF24F-57B9-4D62-9FFC-DCC35D785A46}
		{D94644D3-BC4D-4D86-88A9-631577447CFB} = {68493C2C-39AA-4FE5-9961-C2410AA187F3}
		{A398B79E-A89F-44FD-8F57-6D2D3093ECF9} = {8F52B88C-280C-4060-807C-1A2DA8A75C40}
		{6667E1B7-A0A5-45D8-A4A8-5D4FBA259274} = {96FCFF14-34E8-4989-AD7E-E31F94F428AD}
		{BA559F21-30F6-4108-BE23-952560228E1C} = {0ACCEFB8-939D-4DB4-A869-B21C7D3B4D37}
		{0448CE2C-949E-46A7-846D-E29A609A2733} = {B7A5F622-6491-40BD-8C0B-84F8EA448AC4}
		{7ADD0020-3210-4031-9554-230325013AC1} = {7039ACE0-67A5-441E-9638-42E1B91C9291}
		{BAA41CBD-1BDA-4FA3-88EA-6973D6DF8AF3} = {80B7DD93-F3A4-4E8D-BA7D-AF8340BFDC74}
		{AB50969C-FB97-4A1B-A674-D6166019A516} = {C0D8775F-F896-4786-B597-2FFC3E64157B}
		{95B611DE-C25F-42C9-9F02-E6AF3382BB0E} = {4622021C-8282-448D-B54D-A566465F2557}
		{B654F205-D961-4635-98FE-24AA5929FAD8} = {C37EF359-1E7F-4716-90B3-1B833A33560A}
		{0BA61B6B-22E6-4E13-8BD9-773ADF6F8A38} = {95B611DE-C25F-42C9-9F02-E6AF3382BB0E}
		{05A4E562-78F3-4A27-A139-409CB8ADEBA8} = {95B611DE-C25F-42C9-9F02-E6AF3382BB0E}
		{E24DDF09-94AA-4F02-817F-AC004D521B68} = {95B611DE-C25F-42C9-9F02-E6AF3382BB0E}
		{E26ABF40-F61F-4ABF-B3FD-599E0C7A7192} = {95B611DE-C25F-42C9-9F02-E6AF3382BB0E}
		{B132EE00-E972-4088-9B89-E00A03D67E02} = {4622021C-8282-448D-B54D-A566465F2557}
		{2B71A498-FB9E-4A2E-A67C-86F90A5DDF2C} = {B132EE00-E972-4088-9B89-E00A03D67E02}
		{49497D5C-618F-4728-A981-33A091ABE5F4} = {B132EE00-E972-4088-9B89-E00A03D67E02}
		{C5FC45B3-011D-44E8-B125-7CA56011B076} = {B132EE00-E972-4088-9B89-E00A03D67E02}
		{B519A57F-4D33-43C9-A5B7-16EB7B88B159} = {B132EE00-E972-4088-9B89-E00A03D67E02}
	EndGlobalSection
EndGlobal
